
Microsoft Visual Studio Solution File, Format Version 12.00
Project("{2150E333-8FDC-42A3-9474-1A3956D46DE8}") = "Solution Items", "Solution Items", "{82D0B527-9B69-4E78-8D21-44E769D7C8D6}"
	ProjectSection(SolutionItems) = preProject
		.editorconfig = .editorconfig
		.gitignore = .gitignore
	EndProjectSection
EndProject
Project("{2150E333-8FDC-42A3-9474-1A3956D46DE8}") = "tests", "tests", "{0AB3BF05-4346-4AA6-1389-037BE0695223}"
EndProject
Project("{FAE04EC0-301F-11D3-BF4B-00C04F79EFBC}") = "Application", "src\Application\Application.csproj", "{E47B5CE2-F5B7-452A-965E-99CFA2638F07}"
EndProject
Project("{FAE04EC0-301F-11D3-BF4B-00C04F79EFBC}") = "Domain", "src\Domain\Domain.csproj", "{8202E3A1-AADF-4CB1-8C6C-7475A4ACBAA1}"
EndProject
Project("{FAE04EC0-301F-11D3-BF4B-00C04F79EFBC}") = "Presentation", "src\Presentation\Presentation.csproj", "{77598F93-402C-4E6D-B4B4-D2BF3F26B9A7}"
EndProject
Project("{FAE04EC0-301F-11D3-BF4B-00C04F79EFBC}") = "Infrastructure", "src\Infrastructure\Infrastructure.csproj", "{7DD5C556-EED8-4825-A4C3-BF77B048EE84}"
EndProject
Project("{2150E333-8FDC-42A3-9474-1A3956D46DE8}") = "src", "src", "{46AFCFB7-0500-4FE6-8CE8-9092D362DAFF}"
EndProject
Project("{FAE04EC0-301F-11D3-BF4B-00C04F79EFBC}") = "Application.tests", "tests\Application.tests\Application.tests.csproj", "{E31BC735-4D47-447B-96B9-A1EDF439ED51}"
EndProject
Project("{FAE04EC0-301F-11D3-BF4B-00C04F79EFBC}") = "Infrastructure.tests", "tests\Infrastructure.tests\Infrastructure.tests.csproj", "{96B93D8A-EA84-41CD-B4E7-096B90E9C201}"
EndProject
Project("{2150E333-8FDC-42A3-9474-1A3956D46DE8}") = "Aspire", "Aspire", "{378CB424-2D06-4BE9-9FD6-3EC74C79F165}"
EndProject
Project("{FAE04EC0-301F-11D3-BF4B-00C04F79EFBC}") = "AppHost", "AppHost\AppHost.csproj", "{6117E7DF-56E0-48F2-8952-966038CB51AB}"
EndProject

Global
	GlobalSection(SolutionConfigurationPlatforms) = preSolution
		Debug|Any CPU = Debug|Any CPU
		Debug|x64 = Debug|x64
		Debug|x86 = Debug|x86
		Release|Any CPU = Release|Any CPU
		Release|x64 = Release|x64
		Release|x86 = Release|x86
	EndGlobalSection
	GlobalSection(ProjectConfigurationPlatforms) = postSolution
		{E47B5CE2-F5B7-452A-965E-99CFA2638F07}.Debug|Any CPU.ActiveCfg = Debug|Any CPU
		{E47B5CE2-F5B7-452A-965E-99CFA2638F07}.Debug|Any CPU.Build.0 = Debug|Any CPU
		{E47B5CE2-F5B7-452A-965E-99CFA2638F07}.Debug|x64.ActiveCfg = Debug|Any CPU
		{E47B5CE2-F5B7-452A-965E-99CFA2638F07}.Debug|x64.Build.0 = Debug|Any CPU
		{E47B5CE2-F5B7-452A-965E-99CFA2638F07}.Debug|x86.ActiveCfg = Debug|Any CPU
		{E47B5CE2-F5B7-452A-965E-99CFA2638F07}.Debug|x86.Build.0 = Debug|Any CPU
		{E47B5CE2-F5B7-452A-965E-99CFA2638F07}.Release|Any CPU.ActiveCfg = Release|Any CPU
		{E47B5CE2-F5B7-452A-965E-99CFA2638F07}.Release|Any CPU.Build.0 = Release|Any CPU
		{E47B5CE2-F5B7-452A-965E-99CFA2638F07}.Release|x64.ActiveCfg = Release|Any CPU
		{E47B5CE2-F5B7-452A-965E-99CFA2638F07}.Release|x64.Build.0 = Release|Any CPU
		{E47B5CE2-F5B7-452A-965E-99CFA2638F07}.Release|x86.ActiveCfg = Release|Any CPU
		{E47B5CE2-F5B7-452A-965E-99CFA2638F07}.Release|x86.Build.0 = Release|Any CPU
		{8202E3A1-AADF-4CB1-8C6C-7475A4ACBAA1}.Debug|Any CPU.ActiveCfg = Debug|Any CPU
		{8202E3A1-AADF-4CB1-8C6C-7475A4ACBAA1}.Debug|Any CPU.Build.0 = Debug|Any CPU
		{8202E3A1-AADF-4CB1-8C6C-7475A4ACBAA1}.Debug|x64.ActiveCfg = Debug|Any CPU
		{8202E3A1-AADF-4CB1-8C6C-7475A4ACBAA1}.Debug|x64.Build.0 = Debug|Any CPU
		{8202E3A1-AADF-4CB1-8C6C-7475A4ACBAA1}.Debug|x86.ActiveCfg = Debug|Any CPU
		{8202E3A1-AADF-4CB1-8C6C-7475A4ACBAA1}.Debug|x86.Build.0 = Debug|Any CPU
		{8202E3A1-AADF-4CB1-8C6C-7475A4ACBAA1}.Release|Any CPU.ActiveCfg = Release|Any CPU
		{8202E3A1-AADF-4CB1-8C6C-7475A4ACBAA1}.Release|Any CPU.Build.0 = Release|Any CPU
		{8202E3A1-AADF-4CB1-8C6C-7475A4ACBAA1}.Release|x64.ActiveCfg = Release|Any CPU
		{8202E3A1-AADF-4CB1-8C6C-7475A4ACBAA1}.Release|x64.Build.0 = Release|Any CPU
		{8202E3A1-AADF-4CB1-8C6C-7475A4ACBAA1}.Release|x86.ActiveCfg = Release|Any CPU
		{8202E3A1-AADF-4CB1-8C6C-7475A4ACBAA1}.Release|x86.Build.0 = Release|Any CPU
		{77598F93-402C-4E6D-B4B4-D2BF3F26B9A7}.Debug|Any CPU.ActiveCfg = Debug|Any CPU
		{77598F93-402C-4E6D-B4B4-D2BF3F26B9A7}.Debug|Any CPU.Build.0 = Debug|Any CPU
		{77598F93-402C-4E6D-B4B4-D2BF3F26B9A7}.Debug|x64.ActiveCfg = Debug|Any CPU
		{77598F93-402C-4E6D-B4B4-D2BF3F26B9A7}.Debug|x64.Build.0 = Debug|Any CPU
		{77598F93-402C-4E6D-B4B4-D2BF3F26B9A7}.Debug|x86.ActiveCfg = Debug|Any CPU
		{77598F93-402C-4E6D-B4B4-D2BF3F26B9A7}.Debug|x86.Build.0 = Debug|Any CPU
		{77598F93-402C-4E6D-B4B4-D2BF3F26B9A7}.Release|Any CPU.ActiveCfg = Release|Any CPU
		{77598F93-402C-4E6D-B4B4-D2BF3F26B9A7}.Release|Any CPU.Build.0 = Release|Any CPU
		{77598F93-402C-4E6D-B4B4-D2BF3F26B9A7}.Release|x64.ActiveCfg = Release|Any CPU
		{77598F93-402C-4E6D-B4B4-D2BF3F26B9A7}.Release|x64.Build.0 = Release|Any CPU
		{77598F93-402C-4E6D-B4B4-D2BF3F26B9A7}.Release|x86.ActiveCfg = Release|Any CPU
		{77598F93-402C-4E6D-B4B4-D2BF3F26B9A7}.Release|x86.Build.0 = Release|Any CPU
		{7DD5C556-EED8-4825-A4C3-BF77B048EE84}.Debug|Any CPU.ActiveCfg = Debug|Any CPU
		{7DD5C556-EED8-4825-A4C3-BF77B048EE84}.Debug|Any CPU.Build.0 = Debug|Any CPU
		{7DD5C556-EED8-4825-A4C3-BF77B048EE84}.Debug|x64.ActiveCfg = Debug|Any CPU
		{7DD5C556-EED8-4825-A4C3-BF77B048EE84}.Debug|x64.Build.0 = Debug|Any CPU
		{7DD5C556-EED8-4825-A4C3-BF77B048EE84}.Debug|x86.ActiveCfg = Debug|Any CPU
		{7DD5C556-EED8-4825-A4C3-BF77B048EE84}.Debug|x86.Build.0 = Debug|Any CPU
		{7DD5C556-EED8-4825-A4C3-BF77B048EE84}.Release|Any CPU.ActiveCfg = Release|Any CPU
		{7DD5C556-EED8-4825-A4C3-BF77B048EE84}.Release|Any CPU.Build.0 = Release|Any CPU
		{7DD5C556-EED8-4825-A4C3-BF77B048EE84}.Release|x64.ActiveCfg = Release|Any CPU
		{7DD5C556-EED8-4825-A4C3-BF77B048EE84}.Release|x64.Build.0 = Release|Any CPU
		{7DD5C556-EED8-4825-A4C3-BF77B048EE84}.Release|x86.ActiveCfg = Release|Any CPU
		{7DD5C556-EED8-4825-A4C3-BF77B048EE84}.Release|x86.Build.0 = Release|Any CPU
		{E31BC735-4D47-447B-96B9-A1EDF439ED51}.Debug|Any CPU.ActiveCfg = Debug|Any CPU
		{E31BC735-4D47-447B-96B9-A1EDF439ED51}.Debug|Any CPU.Build.0 = Debug|Any CPU
		{E31BC735-4D47-447B-96B9-A1EDF439ED51}.Debug|x64.ActiveCfg = Debug|Any CPU
		{E31BC735-4D47-447B-96B9-A1EDF439ED51}.Debug|x64.Build.0 = Debug|Any CPU
		{E31BC735-4D47-447B-96B9-A1EDF439ED51}.Debug|x86.ActiveCfg = Debug|Any CPU
		{E31BC735-4D47-447B-96B9-A1EDF439ED51}.Debug|x86.Build.0 = Debug|Any CPU
		{E31BC735-4D47-447B-96B9-A1EDF439ED51}.Release|Any CPU.ActiveCfg = Release|Any CPU
		{E31BC735-4D47-447B-96B9-A1EDF439ED51}.Release|Any CPU.Build.0 = Release|Any CPU
		{E31BC735-4D47-447B-96B9-A1EDF439ED51}.Release|x64.ActiveCfg = Release|Any CPU
		{E31BC735-4D47-447B-96B9-A1EDF439ED51}.Release|x64.Build.0 = Release|Any CPU
		{E31BC735-4D47-447B-96B9-A1EDF439ED51}.Release|x86.ActiveCfg = Release|Any CPU
		{E31BC735-4D47-447B-96B9-A1EDF439ED51}.Release|x86.Build.0 = Release|Any CPU
		{96B93D8A-EA84-41CD-B4E7-096B90E9C201}.Debug|Any CPU.ActiveCfg = Debug|Any CPU
		{96B93D8A-EA84-41CD-B4E7-096B90E9C201}.Debug|Any CPU.Build.0 = Debug|Any CPU
		{96B93D8A-EA84-41CD-B4E7-096B90E9C201}.Debug|x64.ActiveCfg = Debug|Any CPU
		{96B93D8A-EA84-41CD-B4E7-096B90E9C201}.Debug|x64.Build.0 = Debug|Any CPU
		{96B93D8A-EA84-41CD-B4E7-096B90E9C201}.Debug|x86.ActiveCfg = Debug|Any CPU
		{96B93D8A-EA84-41CD-B4E7-096B90E9C201}.Debug|x86.Build.0 = Debug|Any CPU
		{96B93D8A-EA84-41CD-B4E7-096B90E9C201}.Release|Any CPU.ActiveCfg = Release|Any CPU
		{96B93D8A-EA84-41CD-B4E7-096B90E9C201}.Release|Any CPU.Build.0 = Release|Any CPU
		{96B93D8A-EA84-41CD-B4E7-096B90E9C201}.Release|x64.ActiveCfg = Release|Any CPU
		{96B93D8A-EA84-41CD-B4E7-096B90E9C201}.Release|x64.Build.0 = Release|Any CPU
		{96B93D8A-EA84-41CD-B4E7-096B90E9C201}.Release|x86.ActiveCfg = Release|Any CPU
		{96B93D8A-EA84-41CD-B4E7-096B90E9C201}.Release|x86.Build.0 = Release|Any CPU
		{6117E7DF-56E0-48F2-8952-966038CB51AB}.Debug|Any CPU.ActiveCfg = Debug|Any CPU
		{6117E7DF-56E0-48F2-8952-966038CB51AB}.Debug|Any CPU.Build.0 = Debug|Any CPU
		{6117E7DF-56E0-48F2-8952-966038CB51AB}.Debug|x64.ActiveCfg = Debug|Any CPU
		{6117E7DF-56E0-48F2-8952-966038CB51AB}.Debug|x64.Build.0 = Debug|Any CPU
		{6117E7DF-56E0-48F2-8952-966038CB51AB}.Debug|x86.ActiveCfg = Debug|Any CPU
		{6117E7DF-56E0-48F2-8952-966038CB51AB}.Debug|x86.Build.0 = Debug|Any CPU
		{6117E7DF-56E0-48F2-8952-966038CB51AB}.Release|Any CPU.ActiveCfg = Release|Any CPU
		{6117E7DF-56E0-48F2-8952-966038CB51AB}.Release|Any CPU.Build.0 = Release|Any CPU
		{6117E7DF-56E0-48F2-8952-966038CB51AB}.Release|x64.ActiveCfg = Release|Any CPU
		{6117E7DF-56E0-48F2-8952-966038CB51AB}.Release|x64.Build.0 = Release|Any CPU
		{6117E7DF-56E0-48F2-8952-966038CB51AB}.Release|x86.ActiveCfg = Release|Any CPU
		{6117E7DF-56E0-48F2-8952-966038CB51AB}.Release|x86.Build.0 = Release|Any CPU
	EndGlobalSection
	GlobalSection(SolutionProperties) = preSolution
		HideSolutionNode = FALSE
	EndGlobalSection
	GlobalSection(NestedProjects) = preSolution
		{E47B5CE2-F5B7-452A-965E-99CFA2638F07} = {46AFCFB7-0500-4FE6-8CE8-9092D362DAFF}
		{8202E3A1-AADF-4CB1-8C6C-7475A4ACBAA1} = {46AFCFB7-0500-4FE6-8CE8-9092D362DAFF}
		{7DD5C556-EED8-4825-A4C3-BF77B048EE84} = {46AFCFB7-0500-4FE6-8CE8-9092D362DAFF}
		{77598F93-402C-4E6D-B4B4-D2BF3F26B9A7} = {46AFCFB7-0500-4FE6-8CE8-9092D362DAFF}
		{E31BC735-4D47-447B-96B9-A1EDF439ED51} = {0AB3BF05-4346-4AA6-1389-037BE0695223}
		{96B93D8A-EA84-41CD-B4E7-096B90E9C201} = {0AB3BF05-4346-4AA6-1389-037BE0695223}
		{6117E7DF-56E0-48F2-8952-966038CB51AB} = {378CB424-2D06-4BE9-9FD6-3EC74C79F165}
	EndGlobalSection
EndGlobal
